// !$*UTF8*$!
{
	archiveVersion = 1;
	classes = {
	};
	objectVersion = 55;
	objects = {

/* Begin PBXBuildFile section */
		395BAAEB7CC3193271C1A731 /* Pods_Navigation.framework in Frameworks */ = {isa = PBXBuildFile; fileRef = 677ACEFB9F5C78AA59F9675D /* Pods_Navigation.framework */; };
		6E096F1427EDE88A00450675 /* UIImage+Extension.swift in Sources */ = {isa = PBXBuildFile; fileRef = 6E096F1327EDE88A00450675 /* UIImage+Extension.swift */; };
		6E096F1627EDE8B800450675 /* UIView+Extension.swift in Sources */ = {isa = PBXBuildFile; fileRef = 6E096F1527EDE8B800450675 /* UIView+Extension.swift */; };
		6E10C90D27EDFE1C0019AC66 /* Assets.xcassets in Resources */ = {isa = PBXBuildFile; fileRef = 6ECC429B27D4709A00E5E608 /* Assets.xcassets */; };
		6E3E48962850CC0800EB849C /* iOSIntPackage in Frameworks */ = {isa = PBXBuildFile; productRef = 6E3E48952850CC0800EB849C /* iOSIntPackage */; };
		6E3E48982858C1CE00EB849C /* User.swift in Sources */ = {isa = PBXBuildFile; fileRef = 6E3E48972858C1CE00EB849C /* User.swift */; };
		6E3E489B2858C35000EB849C /* UserService.swift in Sources */ = {isa = PBXBuildFile; fileRef = 6E3E489A2858C35000EB849C /* UserService.swift */; };
		6E3E489D2858C49400EB849C /* CurrentUserService.swift in Sources */ = {isa = PBXBuildFile; fileRef = 6E3E489C2858C49400EB849C /* CurrentUserService.swift */; };
		6E3E489F2859FE7900EB849C /* TestUserService.swift in Sources */ = {isa = PBXBuildFile; fileRef = 6E3E489E2859FE7900EB849C /* TestUserService.swift */; };
		6E3E48A1285A186D00EB849C /* ViewFactory.swift in Sources */ = {isa = PBXBuildFile; fileRef = 6E3E48A0285A186D00EB849C /* ViewFactory.swift */; };
		6E3E48A3285A1B3700EB849C /* AuthChecker.swift in Sources */ = {isa = PBXBuildFile; fileRef = 6E3E48A2285A1B3700EB849C /* AuthChecker.swift */; };
		6E3E48A5285A1E5300EB849C /* LoginViewControllerDelegate.swift in Sources */ = {isa = PBXBuildFile; fileRef = 6E3E48A4285A1E5300EB849C /* LoginViewControllerDelegate.swift */; };
		6E3E48A7285B4DFE00EB849C /* LoginInspector.swift in Sources */ = {isa = PBXBuildFile; fileRef = 6E3E48A6285B4DFE00EB849C /* LoginInspector.swift */; };
		6E5E42B4285CD6AB002EA082 /* LoginFactory.swift in Sources */ = {isa = PBXBuildFile; fileRef = 6E5E42B3285CD6AB002EA082 /* LoginFactory.swift */; };
		6E5E42B7285DDE74002EA082 /* ViewControllerFactory.swift in Sources */ = {isa = PBXBuildFile; fileRef = 6E5E42B6285DDE74002EA082 /* ViewControllerFactory.swift */; };
		6E6272E927EB3BCA00D151B5 /* PhotosTableViewCell.swift in Sources */ = {isa = PBXBuildFile; fileRef = 6E6272E827EB3BCA00D151B5 /* PhotosTableViewCell.swift */; };
		6E6272EB27EB499800D151B5 /* Photos.swift in Sources */ = {isa = PBXBuildFile; fileRef = 6E6272EA27EB499800D151B5 /* Photos.swift */; };
		6E6272EE27EC8F3600D151B5 /* PhotosViewController.swift in Sources */ = {isa = PBXBuildFile; fileRef = 6E6272ED27EC8F3600D151B5 /* PhotosViewController.swift */; };
		6E6272F027EC8F8500D151B5 /* PhotosCollectionViewCell.swift in Sources */ = {isa = PBXBuildFile; fileRef = 6E6272EF27EC8F8500D151B5 /* PhotosCollectionViewCell.swift */; };
		6E67C4EC285F377C00A1C159 /* iOSIntPackage in Frameworks */ = {isa = PBXBuildFile; productRef = 6E67C4EB285F377C00A1C159 /* iOSIntPackage */; };
		6E92C75527D48E1800E77F6F /* FeedViewController.swift in Sources */ = {isa = PBXBuildFile; fileRef = 6E92C75427D48E1800E77F6F /* FeedViewController.swift */; };
		6E92C75E27D4996E00E77F6F /* InfoViewController.swift in Sources */ = {isa = PBXBuildFile; fileRef = 6E92C75D27D4996E00E77F6F /* InfoViewController.swift */; };
		6E92C76127DA20D400E77F6F /* ProfileHeaderView.swift in Sources */ = {isa = PBXBuildFile; fileRef = 6E92C76027DA20D400E77F6F /* ProfileHeaderView.swift */; };
		6E92C76327DA210500E77F6F /* ProfileViewController.swift in Sources */ = {isa = PBXBuildFile; fileRef = 6E92C76227DA210500E77F6F /* ProfileViewController.swift */; };
		6EAE3949285F2D5700B63225 /* Demo.swift in Sources */ = {isa = PBXBuildFile; fileRef = 6EAE3947285F2CDE00B63225 /* Demo.swift */; };
		6ECC429327D4709900E5E608 /* AppDelegate.swift in Sources */ = {isa = PBXBuildFile; fileRef = 6ECC429227D4709900E5E608 /* AppDelegate.swift */; };
		6ECC429527D4709900E5E608 /* SceneDelegate.swift in Sources */ = {isa = PBXBuildFile; fileRef = 6ECC429427D4709900E5E608 /* SceneDelegate.swift */; };
		6ECC429F27D4709A00E5E608 /* LaunchScreen.storyboard in Resources */ = {isa = PBXBuildFile; fileRef = 6ECC429D27D4709A00E5E608 /* LaunchScreen.storyboard */; };
		6ED9368A283E30E900D39146 /* StorageService.h in Headers */ = {isa = PBXBuildFile; fileRef = 6ED93689283E30E900D39146 /* StorageService.h */; settings = {ATTRIBUTES = (Public, ); }; };
		6ED9368D283E30E900D39146 /* StorageService.framework in Frameworks */ = {isa = PBXBuildFile; fileRef = 6ED93687283E30E800D39146 /* StorageService.framework */; };
		6ED9368E283E30E900D39146 /* StorageService.framework in Embed Frameworks */ = {isa = PBXBuildFile; fileRef = 6ED93687283E30E800D39146 /* StorageService.framework */; settings = {ATTRIBUTES = (CodeSignOnCopy, RemoveHeadersOnCopy, ); }; };
		6ED93695283E321900D39146 /* PostViewController.swift in Sources */ = {isa = PBXBuildFile; fileRef = 6E92C75827D48E7F00E77F6F /* PostViewController.swift */; };
		6ED93696283E321E00D39146 /* PostTableViewCell.swift in Sources */ = {isa = PBXBuildFile; fileRef = 6EE039CF27E70F9F00057A45 /* PostTableViewCell.swift */; };
		6ED93697283E326200D39146 /* Post.swift in Sources */ = {isa = PBXBuildFile; fileRef = 6E92C75B27D4966500E77F6F /* Post.swift */; };
		6EE039C827DDE18F00057A45 /* Helper.swift in Sources */ = {isa = PBXBuildFile; fileRef = 6EE039C727DDE18F00057A45 /* Helper.swift */; };
		6EE039CA27DE035000057A45 /* Constants.swift in Sources */ = {isa = PBXBuildFile; fileRef = 6EE039C927DE035000057A45 /* Constants.swift */; };
		6EE039CC27E6B4AA00057A45 /* LoginViewController.swift in Sources */ = {isa = PBXBuildFile; fileRef = 6EE039CB27E6B4AA00057A45 /* LoginViewController.swift */; };
		6EE039CE27E6B5B000057A45 /* LoginView.swift in Sources */ = {isa = PBXBuildFile; fileRef = 6EE039CD27E6B5B000057A45 /* LoginView.swift */; };
		CF7B09F9B4B69DF56F3FCD3B /* Pods_StorageService.framework in Frameworks */ = {isa = PBXBuildFile; fileRef = F8195871F919E02183CDAEA2 /* Pods_StorageService.framework */; };
/* End PBXBuildFile section */

/* Begin PBXContainerItemProxy section */
		6ED9368B283E30E900D39146 /* PBXContainerItemProxy */ = {
			isa = PBXContainerItemProxy;
			containerPortal = 6ECC428727D4709900E5E608 /* Project object */;
			proxyType = 1;
			remoteGlobalIDString = 6ED93686283E30E800D39146;
			remoteInfo = StorageService;
		};
/* End PBXContainerItemProxy section */

/* Begin PBXCopyFilesBuildPhase section */
		6ED9368F283E30E900D39146 /* Embed Frameworks */ = {
			isa = PBXCopyFilesBuildPhase;
			buildActionMask = 2147483647;
			dstPath = "";
			dstSubfolderSpec = 10;
			files = (
				6ED9368E283E30E900D39146 /* StorageService.framework in Embed Frameworks */,
			);
			name = "Embed Frameworks";
			runOnlyForDeploymentPostprocessing = 0;
		};
/* End PBXCopyFilesBuildPhase section */

/* Begin PBXFileReference section */
		3BF1F1D4E44204C3C450A16F /* Pods-StorageService.release.xcconfig */ = {isa = PBXFileReference; includeInIndex = 1; lastKnownFileType = text.xcconfig; name = "Pods-StorageService.release.xcconfig"; path = "Target Support Files/Pods-StorageService/Pods-StorageService.release.xcconfig"; sourceTree = "<group>"; };
		6665909473EDE29EB6309F58 /* Pods-Navigation.debug.xcconfig */ = {isa = PBXFileReference; includeInIndex = 1; lastKnownFileType = text.xcconfig; name = "Pods-Navigation.debug.xcconfig"; path = "Target Support Files/Pods-Navigation/Pods-Navigation.debug.xcconfig"; sourceTree = "<group>"; };
		677ACEFB9F5C78AA59F9675D /* Pods_Navigation.framework */ = {isa = PBXFileReference; explicitFileType = wrapper.framework; includeInIndex = 0; path = Pods_Navigation.framework; sourceTree = BUILT_PRODUCTS_DIR; };
		6E096F1327EDE88A00450675 /* UIImage+Extension.swift */ = {isa = PBXFileReference; lastKnownFileType = sourcecode.swift; path = "UIImage+Extension.swift"; sourceTree = "<group>"; };
		6E096F1527EDE8B800450675 /* UIView+Extension.swift */ = {isa = PBXFileReference; lastKnownFileType = sourcecode.swift; path = "UIView+Extension.swift"; sourceTree = "<group>"; };
		6E3E48972858C1CE00EB849C /* User.swift */ = {isa = PBXFileReference; lastKnownFileType = sourcecode.swift; path = User.swift; sourceTree = "<group>"; };
		6E3E489A2858C35000EB849C /* UserService.swift */ = {isa = PBXFileReference; lastKnownFileType = sourcecode.swift; path = UserService.swift; sourceTree = "<group>"; };
		6E3E489C2858C49400EB849C /* CurrentUserService.swift */ = {isa = PBXFileReference; lastKnownFileType = sourcecode.swift; path = CurrentUserService.swift; sourceTree = "<group>"; };
		6E3E489E2859FE7900EB849C /* TestUserService.swift */ = {isa = PBXFileReference; lastKnownFileType = sourcecode.swift; path = TestUserService.swift; sourceTree = "<group>"; };
		6E3E48A0285A186D00EB849C /* ViewFactory.swift */ = {isa = PBXFileReference; lastKnownFileType = sourcecode.swift; path = ViewFactory.swift; sourceTree = "<group>"; };
		6E3E48A2285A1B3700EB849C /* AuthChecker.swift */ = {isa = PBXFileReference; lastKnownFileType = sourcecode.swift; path = AuthChecker.swift; sourceTree = "<group>"; };
		6E3E48A4285A1E5300EB849C /* LoginViewControllerDelegate.swift */ = {isa = PBXFileReference; lastKnownFileType = sourcecode.swift; path = LoginViewControllerDelegate.swift; sourceTree = "<group>"; };
		6E3E48A6285B4DFE00EB849C /* LoginInspector.swift */ = {isa = PBXFileReference; lastKnownFileType = sourcecode.swift; path = LoginInspector.swift; sourceTree = "<group>"; };
		6E5E42B3285CD6AB002EA082 /* LoginFactory.swift */ = {isa = PBXFileReference; lastKnownFileType = sourcecode.swift; path = LoginFactory.swift; sourceTree = "<group>"; };
		6E5E42B6285DDE74002EA082 /* ViewControllerFactory.swift */ = {isa = PBXFileReference; lastKnownFileType = sourcecode.swift; path = ViewControllerFactory.swift; sourceTree = "<group>"; };
		6E6272E827EB3BCA00D151B5 /* PhotosTableViewCell.swift */ = {isa = PBXFileReference; lastKnownFileType = sourcecode.swift; path = PhotosTableViewCell.swift; sourceTree = "<group>"; };
		6E6272EA27EB499800D151B5 /* Photos.swift */ = {isa = PBXFileReference; lastKnownFileType = sourcecode.swift; path = Photos.swift; sourceTree = "<group>"; };
		6E6272ED27EC8F3600D151B5 /* PhotosViewController.swift */ = {isa = PBXFileReference; lastKnownFileType = sourcecode.swift; path = PhotosViewController.swift; sourceTree = "<group>"; };
		6E6272EF27EC8F8500D151B5 /* PhotosCollectionViewCell.swift */ = {isa = PBXFileReference; lastKnownFileType = sourcecode.swift; path = PhotosCollectionViewCell.swift; sourceTree = "<group>"; };
		6E92C75427D48E1800E77F6F /* FeedViewController.swift */ = {isa = PBXFileReference; lastKnownFileType = sourcecode.swift; path = FeedViewController.swift; sourceTree = "<group>"; };
		6E92C75827D48E7F00E77F6F /* PostViewController.swift */ = {isa = PBXFileReference; lastKnownFileType = sourcecode.swift; path = PostViewController.swift; sourceTree = "<group>"; };
		6E92C75B27D4966500E77F6F /* Post.swift */ = {isa = PBXFileReference; lastKnownFileType = sourcecode.swift; path = Post.swift; sourceTree = "<group>"; };
		6E92C75D27D4996E00E77F6F /* InfoViewController.swift */ = {isa = PBXFileReference; lastKnownFileType = sourcecode.swift; path = InfoViewController.swift; sourceTree = "<group>"; };
		6E92C76027DA20D400E77F6F /* ProfileHeaderView.swift */ = {isa = PBXFileReference; lastKnownFileType = sourcecode.swift; path = ProfileHeaderView.swift; sourceTree = "<group>"; };
		6E92C76227DA210500E77F6F /* ProfileViewController.swift */ = {isa = PBXFileReference; lastKnownFileType = sourcecode.swift; path = ProfileViewController.swift; sourceTree = "<group>"; };
		6EAE3947285F2CDE00B63225 /* Demo.swift */ = {isa = PBXFileReference; lastKnownFileType = sourcecode.swift; path = Demo.swift; sourceTree = "<group>"; };
		6ECC428F27D4709900E5E608 /* Navigation.app */ = {isa = PBXFileReference; explicitFileType = wrapper.application; includeInIndex = 0; path = Navigation.app; sourceTree = BUILT_PRODUCTS_DIR; };
		6ECC429227D4709900E5E608 /* AppDelegate.swift */ = {isa = PBXFileReference; lastKnownFileType = sourcecode.swift; path = AppDelegate.swift; sourceTree = "<group>"; };
		6ECC429427D4709900E5E608 /* SceneDelegate.swift */ = {isa = PBXFileReference; lastKnownFileType = sourcecode.swift; path = SceneDelegate.swift; sourceTree = "<group>"; };
		6ECC429B27D4709A00E5E608 /* Assets.xcassets */ = {isa = PBXFileReference; lastKnownFileType = folder.assetcatalog; path = Assets.xcassets; sourceTree = "<group>"; };
		6ECC429E27D4709A00E5E608 /* Base */ = {isa = PBXFileReference; lastKnownFileType = file.storyboard; name = Base; path = Base.lproj/LaunchScreen.storyboard; sourceTree = "<group>"; };
		6ECC42A027D4709A00E5E608 /* Info.plist */ = {isa = PBXFileReference; lastKnownFileType = text.plist.xml; path = Info.plist; sourceTree = "<group>"; };
		6ED93687283E30E800D39146 /* StorageService.framework */ = {isa = PBXFileReference; explicitFileType = wrapper.framework; includeInIndex = 0; path = StorageService.framework; sourceTree = BUILT_PRODUCTS_DIR; };
		6ED93689283E30E900D39146 /* StorageService.h */ = {isa = PBXFileReference; lastKnownFileType = sourcecode.c.h; path = StorageService.h; sourceTree = "<group>"; };
		6EE039C727DDE18F00057A45 /* Helper.swift */ = {isa = PBXFileReference; lastKnownFileType = sourcecode.swift; path = Helper.swift; sourceTree = "<group>"; };
		6EE039C927DE035000057A45 /* Constants.swift */ = {isa = PBXFileReference; lastKnownFileType = sourcecode.swift; path = Constants.swift; sourceTree = "<group>"; };
		6EE039CB27E6B4AA00057A45 /* LoginViewController.swift */ = {isa = PBXFileReference; lastKnownFileType = sourcecode.swift; path = LoginViewController.swift; sourceTree = "<group>"; };
		6EE039CD27E6B5B000057A45 /* LoginView.swift */ = {isa = PBXFileReference; lastKnownFileType = sourcecode.swift; path = LoginView.swift; sourceTree = "<group>"; };
		6EE039CF27E70F9F00057A45 /* PostTableViewCell.swift */ = {isa = PBXFileReference; lastKnownFileType = sourcecode.swift; path = PostTableViewCell.swift; sourceTree = "<group>"; };
		80000BF7623300E7345DE695 /* Pods-Navigation.release.xcconfig */ = {isa = PBXFileReference; includeInIndex = 1; lastKnownFileType = text.xcconfig; name = "Pods-Navigation.release.xcconfig"; path = "Target Support Files/Pods-Navigation/Pods-Navigation.release.xcconfig"; sourceTree = "<group>"; };
		A8587D8D70E9EDA734EAFB90 /* Pods-StorageService.debug.xcconfig */ = {isa = PBXFileReference; includeInIndex = 1; lastKnownFileType = text.xcconfig; name = "Pods-StorageService.debug.xcconfig"; path = "Target Support Files/Pods-StorageService/Pods-StorageService.debug.xcconfig"; sourceTree = "<group>"; };
		F8195871F919E02183CDAEA2 /* Pods_StorageService.framework */ = {isa = PBXFileReference; explicitFileType = wrapper.framework; includeInIndex = 0; path = Pods_StorageService.framework; sourceTree = BUILT_PRODUCTS_DIR; };
/* End PBXFileReference section */

/* Begin PBXFrameworksBuildPhase section */
		6ECC428C27D4709900E5E608 /* Frameworks */ = {
			isa = PBXFrameworksBuildPhase;
			buildActionMask = 2147483647;
			files = (
				6E3E48962850CC0800EB849C /* iOSIntPackage in Frameworks */,
				6ED9368D283E30E900D39146 /* StorageService.framework in Frameworks */,
				395BAAEB7CC3193271C1A731 /* Pods_Navigation.framework in Frameworks */,
				6E67C4EC285F377C00A1C159 /* iOSIntPackage in Frameworks */,
			);
			runOnlyForDeploymentPostprocessing = 0;
		};
		6ED93684283E30E800D39146 /* Frameworks */ = {
			isa = PBXFrameworksBuildPhase;
			buildActionMask = 2147483647;
			files = (
				CF7B09F9B4B69DF56F3FCD3B /* Pods_StorageService.framework in Frameworks */,
			);
			runOnlyForDeploymentPostprocessing = 0;
		};
/* End PBXFrameworksBuildPhase section */

/* Begin PBXGroup section */
		6E3E48992858C33B00EB849C /* Service */ = {
			isa = PBXGroup;
			children = (
				6E3E48A2285A1B3700EB849C /* AuthChecker.swift */,
				6E3E489C2858C49400EB849C /* CurrentUserService.swift */,
				6E3E489E2859FE7900EB849C /* TestUserService.swift */,
				6E3E489A2858C35000EB849C /* UserService.swift */,
			);
			path = Service;
			sourceTree = "<group>";
		};
		6E5E42B5285DDE58002EA082 /* Factory */ = {
			isa = PBXGroup;
			children = (
				6E5E42B6285DDE74002EA082 /* ViewControllerFactory.swift */,
				6E3E48A0285A186D00EB849C /* ViewFactory.swift */,
			);
			path = Factory;
			sourceTree = "<group>";
		};
		6E6272E627EB3B3D00D151B5 /* LogIn */ = {
			isa = PBXGroup;
			children = (
				6EAE394C285F331E00B63225 /* ViewController */,
				6EAE394D285F333100B63225 /* View */,
				6E3E48A6285B4DFE00EB849C /* LoginInspector.swift */,
				6E5E42B3285CD6AB002EA082 /* LoginFactory.swift */,
			);
			path = LogIn;
			sourceTree = "<group>";
		};
		6E6272E727EB3B7400D151B5 /* Post */ = {
			isa = PBXGroup;
			children = (
				6E92C75827D48E7F00E77F6F /* PostViewController.swift */,
				6EE039CF27E70F9F00057A45 /* PostTableViewCell.swift */,
			);
			path = Post;
			sourceTree = "<group>";
		};
		6E6272EC27EC8F2400D151B5 /* Photos */ = {
			isa = PBXGroup;
			children = (
				6E6272ED27EC8F3600D151B5 /* PhotosViewController.swift */,
				6E6272EF27EC8F8500D151B5 /* PhotosCollectionViewCell.swift */,
			);
			path = Photos;
			sourceTree = "<group>";
		};
		6E92C75327D48E0100E77F6F /* OtherViewControllers */ = {
			isa = PBXGroup;
			children = (
				6E92C75427D48E1800E77F6F /* FeedViewController.swift */,
				6E92C75D27D4996E00E77F6F /* InfoViewController.swift */,
			);
			path = OtherViewControllers;
			sourceTree = "<group>";
		};
		6E92C75A27D4964F00E77F6F /* Model */ = {
			isa = PBXGroup;
			children = (
				6EAE394A285F32A800B63225 /* Demo */,
				6E92C75B27D4966500E77F6F /* Post.swift */,
				6E6272EA27EB499800D151B5 /* Photos.swift */,
				6E3E48972858C1CE00EB849C /* User.swift */,
			);
			path = Model;
			sourceTree = "<group>";
		};
		6E92C75F27DA20A900E77F6F /* Profile */ = {
			isa = PBXGroup;
			children = (
				6EAE394B285F32C400B63225 /* View */,
				6E92C76227DA210500E77F6F /* ProfileViewController.swift */,
			);
			path = Profile;
			sourceTree = "<group>";
		};
		6EAE394A285F32A800B63225 /* Demo */ = {
			isa = PBXGroup;
			children = (
				6EAE3947285F2CDE00B63225 /* Demo.swift */,
			);
			path = Demo;
			sourceTree = "<group>";
		};
		6EAE394B285F32C400B63225 /* View */ = {
			isa = PBXGroup;
			children = (
				6E92C76027DA20D400E77F6F /* ProfileHeaderView.swift */,
				6E6272E827EB3BCA00D151B5 /* PhotosTableViewCell.swift */,
			);
			path = View;
			sourceTree = "<group>";
		};
		6EAE394C285F331E00B63225 /* ViewController */ = {
			isa = PBXGroup;
			children = (
				6E3E48A4285A1E5300EB849C /* LoginViewControllerDelegate.swift */,
				6EE039CB27E6B4AA00057A45 /* LoginViewController.swift */,
			);
			path = ViewController;
			sourceTree = "<group>";
		};
		6EAE394D285F333100B63225 /* View */ = {
			isa = PBXGroup;
			children = (
				6EE039CD27E6B5B000057A45 /* LoginView.swift */,
			);
			path = View;
			sourceTree = "<group>";
		};
		6EAE394E285F335800B63225 /* Extensions */ = {
			isa = PBXGroup;
			children = (
				6E096F1327EDE88A00450675 /* UIImage+Extension.swift */,
				6E096F1527EDE8B800450675 /* UIView+Extension.swift */,
			);
			path = Extensions;
			sourceTree = "<group>";
		};
		6ECC428627D4709900E5E608 = {
			isa = PBXGroup;
			children = (
				6ECC429127D4709900E5E608 /* Navigation */,
				6ED93688283E30E900D39146 /* StorageService */,
				6ECC429027D4709900E5E608 /* Products */,
				AFBF71CD0A594A5FA63B68A2 /* Pods */,
				D06ABEE081A7799F6113FA94 /* Frameworks */,
			);
			sourceTree = "<group>";
		};
		6ECC429027D4709900E5E608 /* Products */ = {
			isa = PBXGroup;
			children = (
				6ECC428F27D4709900E5E608 /* Navigation.app */,
				6ED93687283E30E800D39146 /* StorageService.framework */,
			);
			name = Products;
			sourceTree = "<group>";
		};
		6ECC429127D4709900E5E608 /* Navigation */ = {
			isa = PBXGroup;
			children = (
				6E5E42B5285DDE58002EA082 /* Factory */,
				6E3E48992858C33B00EB849C /* Service */,
				6EE039C627DDE17C00057A45 /* Helpers */,
				6E92C75A27D4964F00E77F6F /* Model */,
				6E6272E727EB3B7400D151B5 /* Post */,
				6E6272E627EB3B3D00D151B5 /* LogIn */,
				6E92C75F27DA20A900E77F6F /* Profile */,
				6E6272EC27EC8F2400D151B5 /* Photos */,
				6E92C75327D48E0100E77F6F /* OtherViewControllers */,
				6ECC429227D4709900E5E608 /* AppDelegate.swift */,
				6ECC429427D4709900E5E608 /* SceneDelegate.swift */,
				6ECC429B27D4709A00E5E608 /* Assets.xcassets */,
				6ECC429D27D4709A00E5E608 /* LaunchScreen.storyboard */,
				6ECC42A027D4709A00E5E608 /* Info.plist */,
			);
			path = Navigation;
			sourceTree = "<group>";
		};
		6ED93688283E30E900D39146 /* StorageService */ = {
			isa = PBXGroup;
			children = (
				6ED93689283E30E900D39146 /* StorageService.h */,
			);
			path = StorageService;
			sourceTree = "<group>";
		};
		6EE039C627DDE17C00057A45 /* Helpers */ = {
			isa = PBXGroup;
			children = (
				6EAE394E285F335800B63225 /* Extensions */,
				6EE039C927DE035000057A45 /* Constants.swift */,
				6EE039C727DDE18F00057A45 /* Helper.swift */,
			);
			path = Helpers;
			sourceTree = "<group>";
		};
		AFBF71CD0A594A5FA63B68A2 /* Pods */ = {
			isa = PBXGroup;
			children = (
				6665909473EDE29EB6309F58 /* Pods-Navigation.debug.xcconfig */,
				80000BF7623300E7345DE695 /* Pods-Navigation.release.xcconfig */,
				A8587D8D70E9EDA734EAFB90 /* Pods-StorageService.debug.xcconfig */,
				3BF1F1D4E44204C3C450A16F /* Pods-StorageService.release.xcconfig */,
			);
			path = Pods;
			sourceTree = "<group>";
		};
		D06ABEE081A7799F6113FA94 /* Frameworks */ = {
			isa = PBXGroup;
			children = (
				677ACEFB9F5C78AA59F9675D /* Pods_Navigation.framework */,
				F8195871F919E02183CDAEA2 /* Pods_StorageService.framework */,
			);
			name = Frameworks;
			sourceTree = "<group>";
		};
/* End PBXGroup section */

/* Begin PBXHeadersBuildPhase section */
		6ED93682283E30E800D39146 /* Headers */ = {
			isa = PBXHeadersBuildPhase;
			buildActionMask = 2147483647;
			files = (
				6ED9368A283E30E900D39146 /* StorageService.h in Headers */,
			);
			runOnlyForDeploymentPostprocessing = 0;
		};
/* End PBXHeadersBuildPhase section */

/* Begin PBXNativeTarget section */
		6ECC428E27D4709900E5E608 /* Navigation */ = {
			isa = PBXNativeTarget;
			buildConfigurationList = 6ECC42A327D4709A00E5E608 /* Build configuration list for PBXNativeTarget "Navigation" */;
			buildPhases = (
				ACADC8551D86FEF0F5DE938B /* [CP] Check Pods Manifest.lock */,
				6ECC428B27D4709900E5E608 /* Sources */,
				6ECC428C27D4709900E5E608 /* Frameworks */,
				6ECC428D27D4709900E5E608 /* Resources */,
				6ED9368F283E30E900D39146 /* Embed Frameworks */,
				0BFEBB76A1043FBBC43A3545 /* [CP] Embed Pods Frameworks */,
			);
			buildRules = (
			);
			dependencies = (
				6ED9368C283E30E900D39146 /* PBXTargetDependency */,
			);
			name = Navigation;
			packageProductDependencies = (
				6E3E48952850CC0800EB849C /* iOSIntPackage */,
				6E67C4EB285F377C00A1C159 /* iOSIntPackage */,
			);
			productName = Navigation;
			productReference = 6ECC428F27D4709900E5E608 /* Navigation.app */;
			productType = "com.apple.product-type.application";
		};
		6ED93686283E30E800D39146 /* StorageService */ = {
			isa = PBXNativeTarget;
			buildConfigurationList = 6ED93692283E30E900D39146 /* Build configuration list for PBXNativeTarget "StorageService" */;
			buildPhases = (
				AF60DE87ED721F096FFC6A1B /* [CP] Check Pods Manifest.lock */,
				6ED93682283E30E800D39146 /* Headers */,
				6ED93683283E30E800D39146 /* Sources */,
				6ED93684283E30E800D39146 /* Frameworks */,
				6ED93685283E30E800D39146 /* Resources */,
			);
			buildRules = (
			);
			dependencies = (
			);
			name = StorageService;
			productName = StorageService;
			productReference = 6ED93687283E30E800D39146 /* StorageService.framework */;
			productType = "com.apple.product-type.framework";
		};
/* End PBXNativeTarget section */

/* Begin PBXProject section */
		6ECC428727D4709900E5E608 /* Project object */ = {
			isa = PBXProject;
			attributes = {
				BuildIndependentTargetsInParallel = 1;
				LastSwiftUpdateCheck = 1320;
				LastUpgradeCheck = 1320;
				TargetAttributes = {
					6ECC428E27D4709900E5E608 = {
						CreatedOnToolsVersion = 13.2.1;
					};
					6ED93686283E30E800D39146 = {
						CreatedOnToolsVersion = 13.4;
					};
				};
			};
			buildConfigurationList = 6ECC428A27D4709900E5E608 /* Build configuration list for PBXProject "Navigation" */;
			compatibilityVersion = "Xcode 13.0";
			developmentRegion = en;
			hasScannedForEncodings = 0;
			knownRegions = (
				en,
				Base,
			);
			mainGroup = 6ECC428627D4709900E5E608;
			packageReferences = (
				6E3E48942850CC0800EB849C /* XCRemoteSwiftPackageReference "iOSIntPackage" */,
				6E67C4EA285F377C00A1C159 /* XCRemoteSwiftPackageReference "iOSIntPackage" */,
			);
			productRefGroup = 6ECC429027D4709900E5E608 /* Products */;
			projectDirPath = "";
			projectRoot = "";
			targets = (
				6ECC428E27D4709900E5E608 /* Navigation */,
				6ED93686283E30E800D39146 /* StorageService */,
			);
		};
/* End PBXProject section */

/* Begin PBXResourcesBuildPhase section */
		6ECC428D27D4709900E5E608 /* Resources */ = {
			isa = PBXResourcesBuildPhase;
			buildActionMask = 2147483647;
			files = (
				6E10C90D27EDFE1C0019AC66 /* Assets.xcassets in Resources */,
				6ECC429F27D4709A00E5E608 /* LaunchScreen.storyboard in Resources */,
			);
			runOnlyForDeploymentPostprocessing = 0;
		};
		6ED93685283E30E800D39146 /* Resources */ = {
			isa = PBXResourcesBuildPhase;
			buildActionMask = 2147483647;
			files = (
			);
			runOnlyForDeploymentPostprocessing = 0;
		};
/* End PBXResourcesBuildPhase section */

/* Begin PBXShellScriptBuildPhase section */
		0BFEBB76A1043FBBC43A3545 /* [CP] Embed Pods Frameworks */ = {
			isa = PBXShellScriptBuildPhase;
			buildActionMask = 2147483647;
			files = (
			);
			inputFileListPaths = (
				"${PODS_ROOT}/Target Support Files/Pods-Navigation/Pods-Navigation-frameworks-${CONFIGURATION}-input-files.xcfilelist",
			);
			name = "[CP] Embed Pods Frameworks";
			outputFileListPaths = (
				"${PODS_ROOT}/Target Support Files/Pods-Navigation/Pods-Navigation-frameworks-${CONFIGURATION}-output-files.xcfilelist",
			);
			runOnlyForDeploymentPostprocessing = 0;
			shellPath = /bin/sh;
			shellScript = "\"${PODS_ROOT}/Target Support Files/Pods-Navigation/Pods-Navigation-frameworks.sh\"\n";
			showEnvVarsInLog = 0;
		};
		ACADC8551D86FEF0F5DE938B /* [CP] Check Pods Manifest.lock */ = {
			isa = PBXShellScriptBuildPhase;
			buildActionMask = 2147483647;
			files = (
			);
			inputFileListPaths = (
			);
			inputPaths = (
				"${PODS_PODFILE_DIR_PATH}/Podfile.lock",
				"${PODS_ROOT}/Manifest.lock",
			);
			name = "[CP] Check Pods Manifest.lock";
			outputFileListPaths = (
			);
			outputPaths = (
				"$(DERIVED_FILE_DIR)/Pods-Navigation-checkManifestLockResult.txt",
			);
			runOnlyForDeploymentPostprocessing = 0;
			shellPath = /bin/sh;
			shellScript = "diff \"${PODS_PODFILE_DIR_PATH}/Podfile.lock\" \"${PODS_ROOT}/Manifest.lock\" > /dev/null\nif [ $? != 0 ] ; then\n    # print error to STDERR\n    echo \"error: The sandbox is not in sync with the Podfile.lock. Run 'pod install' or update your CocoaPods installation.\" >&2\n    exit 1\nfi\n# This output is used by Xcode 'outputs' to avoid re-running this script phase.\necho \"SUCCESS\" > \"${SCRIPT_OUTPUT_FILE_0}\"\n";
			showEnvVarsInLog = 0;
		};
		AF60DE87ED721F096FFC6A1B /* [CP] Check Pods Manifest.lock */ = {
			isa = PBXShellScriptBuildPhase;
			buildActionMask = 2147483647;
			files = (
			);
			inputFileListPaths = (
			);
			inputPaths = (
				"${PODS_PODFILE_DIR_PATH}/Podfile.lock",
				"${PODS_ROOT}/Manifest.lock",
			);
			name = "[CP] Check Pods Manifest.lock";
			outputFileListPaths = (
			);
			outputPaths = (
				"$(DERIVED_FILE_DIR)/Pods-StorageService-checkManifestLockResult.txt",
			);
			runOnlyForDeploymentPostprocessing = 0;
			shellPath = /bin/sh;
			shellScript = "diff \"${PODS_PODFILE_DIR_PATH}/Podfile.lock\" \"${PODS_ROOT}/Manifest.lock\" > /dev/null\nif [ $? != 0 ] ; then\n    # print error to STDERR\n    echo \"error: The sandbox is not in sync with the Podfile.lock. Run 'pod install' or update your CocoaPods installation.\" >&2\n    exit 1\nfi\n# This output is used by Xcode 'outputs' to avoid re-running this script phase.\necho \"SUCCESS\" > \"${SCRIPT_OUTPUT_FILE_0}\"\n";
			showEnvVarsInLog = 0;
		};
/* End PBXShellScriptBuildPhase section */

/* Begin PBXSourcesBuildPhase section */
		6ECC428B27D4709900E5E608 /* Sources */ = {
			isa = PBXSourcesBuildPhase;
			buildActionMask = 2147483647;
			files = (
				6E6272E927EB3BCA00D151B5 /* PhotosTableViewCell.swift in Sources */,
				6E5E42B7285DDE74002EA082 /* ViewControllerFactory.swift in Sources */,
				6E6272EE27EC8F3600D151B5 /* PhotosViewController.swift in Sources */,
				6E3E489F2859FE7900EB849C /* TestUserService.swift in Sources */,
				6E3E48A3285A1B3700EB849C /* AuthChecker.swift in Sources */,
				6E3E48A1285A186D00EB849C /* ViewFactory.swift in Sources */,
				6ECC429327D4709900E5E608 /* AppDelegate.swift in Sources */,
				6EE039CA27DE035000057A45 /* Constants.swift in Sources */,
				6E92C75527D48E1800E77F6F /* FeedViewController.swift in Sources */,
				6E6272EB27EB499800D151B5 /* Photos.swift in Sources */,
				6E92C75E27D4996E00E77F6F /* InfoViewController.swift in Sources */,
				6ED93696283E321E00D39146 /* PostTableViewCell.swift in Sources */,
				6E3E48A5285A1E5300EB849C /* LoginViewControllerDelegate.swift in Sources */,
				6E3E48982858C1CE00EB849C /* User.swift in Sources */,
				6ECC429527D4709900E5E608 /* SceneDelegate.swift in Sources */,
				6E5E42B4285CD6AB002EA082 /* LoginFactory.swift in Sources */,
				6E3E489D2858C49400EB849C /* CurrentUserService.swift in Sources */,
				6E92C76327DA210500E77F6F /* ProfileViewController.swift in Sources */,
				6E6272F027EC8F8500D151B5 /* PhotosCollectionViewCell.swift in Sources */,
				6E92C76127DA20D400E77F6F /* ProfileHeaderView.swift in Sources */,
				6ED93695283E321900D39146 /* PostViewController.swift in Sources */,
				6E3E489B2858C35000EB849C /* UserService.swift in Sources */,
				6EE039CC27E6B4AA00057A45 /* LoginViewController.swift in Sources */,
				6EE039C827DDE18F00057A45 /* Helper.swift in Sources */,
				6E096F1427EDE88A00450675 /* UIImage+Extension.swift in Sources */,
				6E096F1627EDE8B800450675 /* UIView+Extension.swift in Sources */,
				6EE039CE27E6B5B000057A45 /* LoginView.swift in Sources */,
				6E3E48A7285B4DFE00EB849C /* LoginInspector.swift in Sources */,
			);
			runOnlyForDeploymentPostprocessing = 0;
		};
		6ED93683283E30E800D39146 /* Sources */ = {
			isa = PBXSourcesBuildPhase;
			buildActionMask = 2147483647;
			files = (
				6EAE3949285F2D5700B63225 /* Demo.swift in Sources */,
				6ED93697283E326200D39146 /* Post.swift in Sources */,
			);
			runOnlyForDeploymentPostprocessing = 0;
		};
/* End PBXSourcesBuildPhase section */

/* Begin PBXTargetDependency section */
		6ED9368C283E30E900D39146 /* PBXTargetDependency */ = {
			isa = PBXTargetDependency;
			target = 6ED93686283E30E800D39146 /* StorageService */;
			targetProxy = 6ED9368B283E30E900D39146 /* PBXContainerItemProxy */;
		};
/* End PBXTargetDependency section */

/* Begin PBXVariantGroup section */
		6ECC429D27D4709A00E5E608 /* LaunchScreen.storyboard */ = {
			isa = PBXVariantGroup;
			children = (
				6ECC429E27D4709A00E5E608 /* Base */,
			);
			name = LaunchScreen.storyboard;
			sourceTree = "<group>";
		};
/* End PBXVariantGroup section */

/* Begin XCBuildConfiguration section */
		6ECC42A127D4709A00E5E608 /* Debug */ = {
			isa = XCBuildConfiguration;
			buildSettings = {
				ALWAYS_EMBED_SWIFT_STANDARD_LIBRARIES = "$(inherited)";
				ALWAYS_SEARCH_USER_PATHS = NO;
				CLANG_ANALYZER_NONNULL = YES;
				CLANG_ANALYZER_NUMBER_OBJECT_CONVERSION = YES_AGGRESSIVE;
				CLANG_CXX_LANGUAGE_STANDARD = "gnu++17";
				CLANG_CXX_LIBRARY = "libc++";
				CLANG_ENABLE_MODULES = YES;
				CLANG_ENABLE_OBJC_ARC = YES;
				CLANG_ENABLE_OBJC_WEAK = YES;
				CLANG_WARN_BLOCK_CAPTURE_AUTORELEASING = YES;
				CLANG_WARN_BOOL_CONVERSION = YES;
				CLANG_WARN_COMMA = YES;
				CLANG_WARN_CONSTANT_CONVERSION = YES;
				CLANG_WARN_DEPRECATED_OBJC_IMPLEMENTATIONS = YES;
				CLANG_WARN_DIRECT_OBJC_ISA_USAGE = YES_ERROR;
				CLANG_WARN_DOCUMENTATION_COMMENTS = YES;
				CLANG_WARN_EMPTY_BODY = YES;
				CLANG_WARN_ENUM_CONVERSION = YES;
				CLANG_WARN_INFINITE_RECURSION = YES;
				CLANG_WARN_INT_CONVERSION = YES;
				CLANG_WARN_NON_LITERAL_NULL_CONVERSION = YES;
				CLANG_WARN_OBJC_IMPLICIT_RETAIN_SELF = YES;
				CLANG_WARN_OBJC_LITERAL_CONVERSION = YES;
				CLANG_WARN_OBJC_ROOT_CLASS = YES_ERROR;
				CLANG_WARN_QUOTED_INCLUDE_IN_FRAMEWORK_HEADER = YES;
				CLANG_WARN_RANGE_LOOP_ANALYSIS = YES;
				CLANG_WARN_STRICT_PROTOTYPES = YES;
				CLANG_WARN_SUSPICIOUS_MOVE = YES;
				CLANG_WARN_UNGUARDED_AVAILABILITY = YES_AGGRESSIVE;
				CLANG_WARN_UNREACHABLE_CODE = YES;
				CLANG_WARN__DUPLICATE_METHOD_MATCH = YES;
				COPY_PHASE_STRIP = NO;
				DEBUG_INFORMATION_FORMAT = dwarf;
				ENABLE_STRICT_OBJC_MSGSEND = YES;
				ENABLE_TESTABILITY = YES;
				GCC_C_LANGUAGE_STANDARD = gnu11;
				GCC_DYNAMIC_NO_PIC = NO;
				GCC_NO_COMMON_BLOCKS = YES;
				GCC_OPTIMIZATION_LEVEL = 0;
				GCC_PREPROCESSOR_DEFINITIONS = (
					"DEBUG=1",
					"$(inherited)",
				);
				GCC_WARN_64_TO_32_BIT_CONVERSION = YES;
				GCC_WARN_ABOUT_RETURN_TYPE = YES_ERROR;
				GCC_WARN_UNDECLARED_SELECTOR = YES;
				GCC_WARN_UNINITIALIZED_AUTOS = YES_AGGRESSIVE;
				GCC_WARN_UNUSED_FUNCTION = YES;
				GCC_WARN_UNUSED_VARIABLE = YES;
				IPHONEOS_DEPLOYMENT_TARGET = 15.2;
				MTL_ENABLE_DEBUG_INFO = INCLUDE_SOURCE;
				MTL_FAST_MATH = YES;
				ONLY_ACTIVE_ARCH = YES;
				SDKROOT = iphoneos;
				SWIFT_ACTIVE_COMPILATION_CONDITIONS = DEBUG;
				SWIFT_OPTIMIZATION_LEVEL = "-Onone";
			};
			name = Debug;
		};
		6ECC42A227D4709A00E5E608 /* Release */ = {
			isa = XCBuildConfiguration;
			buildSettings = {
				ALWAYS_EMBED_SWIFT_STANDARD_LIBRARIES = "$(inherited)";
				ALWAYS_SEARCH_USER_PATHS = NO;
				CLANG_ANALYZER_NONNULL = YES;
				CLANG_ANALYZER_NUMBER_OBJECT_CONVERSION = YES_AGGRESSIVE;
				CLANG_CXX_LANGUAGE_STANDARD = "gnu++17";
				CLANG_CXX_LIBRARY = "libc++";
				CLANG_ENABLE_MODULES = YES;
				CLANG_ENABLE_OBJC_ARC = YES;
				CLANG_ENABLE_OBJC_WEAK = YES;
				CLANG_WARN_BLOCK_CAPTURE_AUTORELEASING = YES;
				CLANG_WARN_BOOL_CONVERSION = YES;
				CLANG_WARN_COMMA = YES;
				CLANG_WARN_CONSTANT_CONVERSION = YES;
				CLANG_WARN_DEPRECATED_OBJC_IMPLEMENTATIONS = YES;
				CLANG_WARN_DIRECT_OBJC_ISA_USAGE = YES_ERROR;
				CLANG_WARN_DOCUMENTATION_COMMENTS = YES;
				CLANG_WARN_EMPTY_BODY = YES;
				CLANG_WARN_ENUM_CONVERSION = YES;
				CLANG_WARN_INFINITE_RECURSION = YES;
				CLANG_WARN_INT_CONVERSION = YES;
				CLANG_WARN_NON_LITERAL_NULL_CONVERSION = YES;
				CLANG_WARN_OBJC_IMPLICIT_RETAIN_SELF = YES;
				CLANG_WARN_OBJC_LITERAL_CONVERSION = YES;
				CLANG_WARN_OBJC_ROOT_CLASS = YES_ERROR;
				CLANG_WARN_QUOTED_INCLUDE_IN_FRAMEWORK_HEADER = YES;
				CLANG_WARN_RANGE_LOOP_ANALYSIS = YES;
				CLANG_WARN_STRICT_PROTOTYPES = YES;
				CLANG_WARN_SUSPICIOUS_MOVE = YES;
				CLANG_WARN_UNGUARDED_AVAILABILITY = YES_AGGRESSIVE;
				CLANG_WARN_UNREACHABLE_CODE = YES;
				CLANG_WARN__DUPLICATE_METHOD_MATCH = YES;
				COPY_PHASE_STRIP = NO;
				DEBUG_INFORMATION_FORMAT = "dwarf-with-dsym";
				ENABLE_NS_ASSERTIONS = NO;
				ENABLE_STRICT_OBJC_MSGSEND = YES;
				GCC_C_LANGUAGE_STANDARD = gnu11;
				GCC_NO_COMMON_BLOCKS = YES;
				GCC_WARN_64_TO_32_BIT_CONVERSION = YES;
				GCC_WARN_ABOUT_RETURN_TYPE = YES_ERROR;
				GCC_WARN_UNDECLARED_SELECTOR = YES;
				GCC_WARN_UNINITIALIZED_AUTOS = YES_AGGRESSIVE;
				GCC_WARN_UNUSED_FUNCTION = YES;
				GCC_WARN_UNUSED_VARIABLE = YES;
				IPHONEOS_DEPLOYMENT_TARGET = 15.2;
				MTL_ENABLE_DEBUG_INFO = NO;
				MTL_FAST_MATH = YES;
				SDKROOT = iphoneos;
				SWIFT_COMPILATION_MODE = wholemodule;
				SWIFT_OPTIMIZATION_LEVEL = "-O";
				VALIDATE_PRODUCT = YES;
			};
			name = Release;
		};
		6ECC42A427D4709A00E5E608 /* Debug */ = {
			isa = XCBuildConfiguration;
			baseConfigurationReference = 6665909473EDE29EB6309F58 /* Pods-Navigation.debug.xcconfig */;
			buildSettings = {
				ALWAYS_EMBED_SWIFT_STANDARD_LIBRARIES = "$(inherited)";
				ASSETCATALOG_COMPILER_APPICON_NAME = AppIcon;
				ASSETCATALOG_COMPILER_GLOBAL_ACCENT_COLOR_NAME = AccentColor;
				CODE_SIGN_STYLE = Automatic;
				CURRENT_PROJECT_VERSION = 1;
				DEVELOPMENT_TEAM = 5454Z35HY9;
				GENERATE_INFOPLIST_FILE = YES;
				INFOPLIST_FILE = Navigation/Info.plist;
				INFOPLIST_KEY_UIApplicationSupportsIndirectInputEvents = YES;
				INFOPLIST_KEY_UILaunchStoryboardName = LaunchScreen;
				INFOPLIST_KEY_UISupportedInterfaceOrientations_iPad = "UIInterfaceOrientationPortrait UIInterfaceOrientationPortraitUpsideDown UIInterfaceOrientationLandscapeLeft UIInterfaceOrientationLandscapeRight";
				INFOPLIST_KEY_UISupportedInterfaceOrientations_iPhone = "UIInterfaceOrientationPortrait UIInterfaceOrientationLandscapeLeft UIInterfaceOrientationLandscapeRight";
				LD_RUNPATH_SEARCH_PATHS = (
					"$(inherited)",
					"@executable_path/Frameworks",
				);
				MARKETING_VERSION = 1.0;
				PRODUCT_BUNDLE_IDENTIFIER = pB.Navigation;
				PRODUCT_NAME = "$(TARGET_NAME)";
				SWIFT_EMIT_LOC_STRINGS = YES;
				SWIFT_VERSION = 5.0;
				TARGETED_DEVICE_FAMILY = "1,2";
			};
			name = Debug;
		};
		6ECC42A527D4709A00E5E608 /* Release */ = {
			isa = XCBuildConfiguration;
			baseConfigurationReference = 80000BF7623300E7345DE695 /* Pods-Navigation.release.xcconfig */;
			buildSettings = {
				ALWAYS_EMBED_SWIFT_STANDARD_LIBRARIES = "$(inherited)";
				ASSETCATALOG_COMPILER_APPICON_NAME = AppIcon;
				ASSETCATALOG_COMPILER_GLOBAL_ACCENT_COLOR_NAME = AccentColor;
				CODE_SIGN_STYLE = Automatic;
				CURRENT_PROJECT_VERSION = 1;
				DEVELOPMENT_TEAM = 5454Z35HY9;
				GENERATE_INFOPLIST_FILE = YES;
				INFOPLIST_FILE = Navigation/Info.plist;
				INFOPLIST_KEY_UIApplicationSupportsIndirectInputEvents = YES;
				INFOPLIST_KEY_UILaunchStoryboardName = LaunchScreen;
				INFOPLIST_KEY_UISupportedInterfaceOrientations_iPad = "UIInterfaceOrientationPortrait UIInterfaceOrientationPortraitUpsideDown UIInterfaceOrientationLandscapeLeft UIInterfaceOrientationLandscapeRight";
				INFOPLIST_KEY_UISupportedInterfaceOrientations_iPhone = "UIInterfaceOrientationPortrait UIInterfaceOrientationLandscapeLeft UIInterfaceOrientationLandscapeRight";
				LD_RUNPATH_SEARCH_PATHS = (
					"$(inherited)",
					"@executable_path/Frameworks",
				);
				MARKETING_VERSION = 1.0;
				PRODUCT_BUNDLE_IDENTIFIER = pB.Navigation;
				PRODUCT_NAME = "$(TARGET_NAME)";
				SWIFT_EMIT_LOC_STRINGS = YES;
				SWIFT_VERSION = 5.0;
				TARGETED_DEVICE_FAMILY = "1,2";
			};
			name = Release;
		};
		6ED93690283E30E900D39146 /* Debug */ = {
			isa = XCBuildConfiguration;
			baseConfigurationReference = A8587D8D70E9EDA734EAFB90 /* Pods-StorageService.debug.xcconfig */;
			buildSettings = {
				CODE_SIGN_STYLE = Automatic;
				CURRENT_PROJECT_VERSION = 1;
				DEFINES_MODULE = YES;
				DEVELOPMENT_TEAM = 5454Z35HY9;
				DYLIB_COMPATIBILITY_VERSION = 1;
				DYLIB_CURRENT_VERSION = 1;
				DYLIB_INSTALL_NAME_BASE = "@rpath";
				GENERATE_INFOPLIST_FILE = YES;
				INFOPLIST_KEY_NSHumanReadableCopyright = "";
				INSTALL_PATH = "$(LOCAL_LIBRARY_DIR)/Frameworks";
				IPHONEOS_DEPLOYMENT_TARGET = 15.2;
				LD_RUNPATH_SEARCH_PATHS = (
					"$(inherited)",
					"@executable_path/Frameworks",
					"@loader_path/Frameworks",
				);
				MARKETING_VERSION = 1.0;
				PRODUCT_BUNDLE_IDENTIFIER = pB.StorageService;
				PRODUCT_NAME = "$(TARGET_NAME:c99extidentifier)";
				SKIP_INSTALL = YES;
				SWIFT_EMIT_LOC_STRINGS = YES;
				SWIFT_VERSION = 5.0;
				TARGETED_DEVICE_FAMILY = "1,2";
				VERSIONING_SYSTEM = "apple-generic";
				VERSION_INFO_PREFIX = "";
			};
			name = Debug;
		};
		6ED93691283E30E900D39146 /* Release */ = {
			isa = XCBuildConfiguration;
			baseConfigurationReference = 3BF1F1D4E44204C3C450A16F /* Pods-StorageService.release.xcconfig */;
			buildSettings = {
				CODE_SIGN_STYLE = Automatic;
				CURRENT_PROJECT_VERSION = 1;
				DEFINES_MODULE = YES;
				DEVELOPMENT_TEAM = 5454Z35HY9;
				DYLIB_COMPATIBILITY_VERSION = 1;
				DYLIB_CURRENT_VERSION = 1;
				DYLIB_INSTALL_NAME_BASE = "@rpath";
				GENERATE_INFOPLIST_FILE = YES;
				INFOPLIST_KEY_NSHumanReadableCopyright = "";
				INSTALL_PATH = "$(LOCAL_LIBRARY_DIR)/Frameworks";
				IPHONEOS_DEPLOYMENT_TARGET = 15.2;
				LD_RUNPATH_SEARCH_PATHS = (
					"$(inherited)",
					"@executable_path/Frameworks",
					"@loader_path/Frameworks",
				);
				MARKETING_VERSION = 1.0;
				PRODUCT_BUNDLE_IDENTIFIER = pB.StorageService;
				PRODUCT_NAME = "$(TARGET_NAME:c99extidentifier)";
				SKIP_INSTALL = YES;
				SWIFT_EMIT_LOC_STRINGS = YES;
				SWIFT_VERSION = 5.0;
				TARGETED_DEVICE_FAMILY = "1,2";
				VERSIONING_SYSTEM = "apple-generic";
				VERSION_INFO_PREFIX = "";
			};
			name = Release;
		};
/* End XCBuildConfiguration section */

/* Begin XCConfigurationList section */
		6ECC428A27D4709900E5E608 /* Build configuration list for PBXProject "Navigation" */ = {
			isa = XCConfigurationList;
			buildConfigurations = (
				6ECC42A127D4709A00E5E608 /* Debug */,
				6ECC42A227D4709A00E5E608 /* Release */,
			);
			defaultConfigurationIsVisible = 0;
			defaultConfigurationName = Release;
		};
		6ECC42A327D4709A00E5E608 /* Build configuration list for PBXNativeTarget "Navigation" */ = {
			isa = XCConfigurationList;
			buildConfigurations = (
				6ECC42A427D4709A00E5E608 /* Debug */,
				6ECC42A527D4709A00E5E608 /* Release */,
			);
			defaultConfigurationIsVisible = 0;
			defaultConfigurationName = Release;
		};
		6ED93692283E30E900D39146 /* Build configuration list for PBXNativeTarget "StorageService" */ = {
			isa = XCConfigurationList;
			buildConfigurations = (
				6ED93690283E30E900D39146 /* Debug */,
				6ED93691283E30E900D39146 /* Release */,
			);
			defaultConfigurationIsVisible = 0;
			defaultConfigurationName = Release;
		};
/* End XCConfigurationList section */

/* Begin XCRemoteSwiftPackageReference section */
		6E3E48942850CC0800EB849C /* XCRemoteSwiftPackageReference "iOSIntPackage" */ = {
			isa = XCRemoteSwiftPackageReference;
			repositoryURL = "https://github.com/TrueMax/iOSIntPackage.git";
			requirement = {
				kind = upToNextMajorVersion;
				minimumVersion = 2.0.0;
			};
		};
		6E67C4EA285F377C00A1C159 /* XCRemoteSwiftPackageReference "iOSIntPackage" */ = {
			isa = XCRemoteSwiftPackageReference;
			repositoryURL = "https://github.com/TrueMax/iOSIntPackage.git";
			requirement = {
				branch = imagepublisher;
				kind = branch;
			};
		};
/* End XCRemoteSwiftPackageReference section */

/* Begin XCSwiftPackageProductDependency section */
		6E3E48952850CC0800EB849C /* iOSIntPackage */ = {
			isa = XCSwiftPackageProductDependency;
			package = 6E3E48942850CC0800EB849C /* XCRemoteSwiftPackageReference "iOSIntPackage" */;
			productName = iOSIntPackage;
		};
		6E67C4EB285F377C00A1C159 /* iOSIntPackage */ = {
			isa = XCSwiftPackageProductDependency;
			package = 6E67C4EA285F377C00A1C159 /* XCRemoteSwiftPackageReference "iOSIntPackage" */;
			productName = iOSIntPackage;
		};
/* End XCSwiftPackageProductDependency section */
	};
	rootObject = 6ECC428727D4709900E5E608 /* Project object */;
}
